// !$*UTF8*$!
{
	archiveVersion = 1;
	classes = {
	};
	objectVersion = 51;
	objects = {

/* Begin PBXBuildFile section */
		BB14C17223C70D9F00D68D10 /* WRControl.swift in Sources */ = {isa = PBXBuildFile; fileRef = BB14C17123C70D9F00D68D10 /* WRControl.swift */; };
		BB7A8149237B9A9F009A4C50 /* WRNotifyProtocol.swift in Sources */ = {isa = PBXBuildFile; fileRef = BB7A8148237B9A9F009A4C50 /* WRNotifyProtocol.swift */; };
		BB7B83F223210093009EDCFB /* AppDelegate.swift in Sources */ = {isa = PBXBuildFile; fileRef = BB7B83F123210093009EDCFB /* AppDelegate.swift */; };
		BB7B83F423210093009EDCFB /* ViewController.swift in Sources */ = {isa = PBXBuildFile; fileRef = BB7B83F323210093009EDCFB /* ViewController.swift */; };
		BB7B83F723210093009EDCFB /* Main.storyboard in Resources */ = {isa = PBXBuildFile; fileRef = BB7B83F523210093009EDCFB /* Main.storyboard */; };
		BB7B83F923210094009EDCFB /* Assets.xcassets in Resources */ = {isa = PBXBuildFile; fileRef = BB7B83F823210094009EDCFB /* Assets.xcassets */; };
		BB7B83FC23210094009EDCFB /* LaunchScreen.storyboard in Resources */ = {isa = PBXBuildFile; fileRef = BB7B83FA23210094009EDCFB /* LaunchScreen.storyboard */; };
		BB7B8406232100F5009EDCFB /* WRDevice.swift in Sources */ = {isa = PBXBuildFile; fileRef = BB7B8405232100F5009EDCFB /* WRDevice.swift */; };
		BBABFC88232F30F5000A1B3E /* WRPath.swift in Sources */ = {isa = PBXBuildFile; fileRef = BBABFC87232F30F5000A1B3E /* WRPath.swift */; };
		BBBD1F192334B0B000A2B415 /* WRProgressHUDProtocol.swift in Sources */ = {isa = PBXBuildFile; fileRef = BBBD1F182334B0B000A2B415 /* WRProgressHUDProtocol.swift */; };
		BBC0A31A23220509004BCB92 /* WRImage.swift in Sources */ = {isa = PBXBuildFile; fileRef = BBC0A31923220509004BCB92 /* WRImage.swift */; };
		BBC0A31E232205C7004BCB92 /* WRNavigationController.swift in Sources */ = {isa = PBXBuildFile; fileRef = BBC0A31D232205C7004BCB92 /* WRNavigationController.swift */; };
		BBC105B323C1794D005AE6AB /* WRString.swift in Sources */ = {isa = PBXBuildFile; fileRef = BBC105B223C1794D005AE6AB /* WRString.swift */; };
		BBC105B623C180BD005AE6AB /* WRTimeInterval.swift in Sources */ = {isa = PBXBuildFile; fileRef = BBC105B523C180BD005AE6AB /* WRTimeInterval.swift */; };
		BBC105BB23C1E119005AE6AB /* WRFolder.swift in Sources */ = {isa = PBXBuildFile; fileRef = BBC105BA23C1E119005AE6AB /* WRFolder.swift */; };
		BBC105C023C1E54F005AE6AB /* WRView.swift in Sources */ = {isa = PBXBuildFile; fileRef = BBC105BF23C1E54F005AE6AB /* WRView.swift */; };
		BBDCB137233873E60057BF2E /* WRBaseViewController.swift in Sources */ = {isa = PBXBuildFile; fileRef = BBDCB136233873E60057BF2E /* WRBaseViewController.swift */; };
		BBDCB1392338A30D0057BF2E /* WRNavigationBarProtocol.swift in Sources */ = {isa = PBXBuildFile; fileRef = BBDCB1382338A30D0057BF2E /* WRNavigationBarProtocol.swift */; };
		BBECE14C233C5A5D00198BF7 /* WRColor.swift in Sources */ = {isa = PBXBuildFile; fileRef = BBECE14B233C5A5D00198BF7 /* WRColor.swift */; };
		DEE1C45F1AC6EFC71804333D /* Pods_WRSwiftUtilDemo.framework in Frameworks */ = {isa = PBXBuildFile; fileRef = 1CB887B8A709F1C1C1076313 /* Pods_WRSwiftUtilDemo.framework */; };
/* End PBXBuildFile section */

/* Begin PBXFileReference section */
		1CB887B8A709F1C1C1076313 /* Pods_WRSwiftUtilDemo.framework */ = {isa = PBXFileReference; explicitFileType = wrapper.framework; includeInIndex = 0; path = Pods_WRSwiftUtilDemo.framework; sourceTree = BUILT_PRODUCTS_DIR; };
		65280CE124DA0253182F1362 /* Pods-WRSwiftUtilDemo.release.xcconfig */ = {isa = PBXFileReference; includeInIndex = 1; lastKnownFileType = text.xcconfig; name = "Pods-WRSwiftUtilDemo.release.xcconfig"; path = "Target Support Files/Pods-WRSwiftUtilDemo/Pods-WRSwiftUtilDemo.release.xcconfig"; sourceTree = "<group>"; };
		BB14C17123C70D9F00D68D10 /* WRControl.swift */ = {isa = PBXFileReference; lastKnownFileType = sourcecode.swift; path = WRControl.swift; sourceTree = "<group>"; };
		BB7A8148237B9A9F009A4C50 /* WRNotifyProtocol.swift */ = {isa = PBXFileReference; lastKnownFileType = sourcecode.swift; path = WRNotifyProtocol.swift; sourceTree = "<group>"; };
		BB7B83EE23210093009EDCFB /* WRSwiftUtilDemo.app */ = {isa = PBXFileReference; explicitFileType = wrapper.application; includeInIndex = 0; path = WRSwiftUtilDemo.app; sourceTree = BUILT_PRODUCTS_DIR; };
		BB7B83F123210093009EDCFB /* AppDelegate.swift */ = {isa = PBXFileReference; lastKnownFileType = sourcecode.swift; path = AppDelegate.swift; sourceTree = "<group>"; };
		BB7B83F323210093009EDCFB /* ViewController.swift */ = {isa = PBXFileReference; lastKnownFileType = sourcecode.swift; path = ViewController.swift; sourceTree = "<group>"; };
		BB7B83F623210093009EDCFB /* Base */ = {isa = PBXFileReference; lastKnownFileType = file.storyboard; name = Base; path = Base.lproj/Main.storyboard; sourceTree = "<group>"; };
		BB7B83F823210094009EDCFB /* Assets.xcassets */ = {isa = PBXFileReference; lastKnownFileType = folder.assetcatalog; path = Assets.xcassets; sourceTree = "<group>"; };
		BB7B83FB23210094009EDCFB /* Base */ = {isa = PBXFileReference; lastKnownFileType = file.storyboard; name = Base; path = Base.lproj/LaunchScreen.storyboard; sourceTree = "<group>"; };
		BB7B83FD23210094009EDCFB /* Info.plist */ = {isa = PBXFileReference; lastKnownFileType = text.plist.xml; path = Info.plist; sourceTree = "<group>"; };
		BB7B8405232100F5009EDCFB /* WRDevice.swift */ = {isa = PBXFileReference; fileEncoding = 4; lastKnownFileType = sourcecode.swift; path = WRDevice.swift; sourceTree = "<group>"; };
		BBABFC87232F30F5000A1B3E /* WRPath.swift */ = {isa = PBXFileReference; lastKnownFileType = sourcecode.swift; path = WRPath.swift; sourceTree = "<group>"; };
		BBBD1F182334B0B000A2B415 /* WRProgressHUDProtocol.swift */ = {isa = PBXFileReference; lastKnownFileType = sourcecode.swift; path = WRProgressHUDProtocol.swift; sourceTree = "<group>"; };
		BBC0A31923220509004BCB92 /* WRImage.swift */ = {isa = PBXFileReference; lastKnownFileType = sourcecode.swift; path = WRImage.swift; sourceTree = "<group>"; };
		BBC0A31D232205C7004BCB92 /* WRNavigationController.swift */ = {isa = PBXFileReference; lastKnownFileType = sourcecode.swift; path = WRNavigationController.swift; sourceTree = "<group>"; };
		BBC105B223C1794D005AE6AB /* WRString.swift */ = {isa = PBXFileReference; lastKnownFileType = sourcecode.swift; path = WRString.swift; sourceTree = "<group>"; };
		BBC105B523C180BD005AE6AB /* WRTimeInterval.swift */ = {isa = PBXFileReference; lastKnownFileType = sourcecode.swift; path = WRTimeInterval.swift; sourceTree = "<group>"; };
		BBC105BA23C1E119005AE6AB /* WRFolder.swift */ = {isa = PBXFileReference; fileEncoding = 4; lastKnownFileType = sourcecode.swift; path = WRFolder.swift; sourceTree = "<group>"; };
		BBC105BF23C1E54F005AE6AB /* WRView.swift */ = {isa = PBXFileReference; lastKnownFileType = sourcecode.swift; path = WRView.swift; sourceTree = "<group>"; };
		BBDCB136233873E60057BF2E /* WRBaseViewController.swift */ = {isa = PBXFileReference; fileEncoding = 4; lastKnownFileType = sourcecode.swift; path = WRBaseViewController.swift; sourceTree = "<group>"; };
		BBDCB1382338A30D0057BF2E /* WRNavigationBarProtocol.swift */ = {isa = PBXFileReference; lastKnownFileType = sourcecode.swift; path = WRNavigationBarProtocol.swift; sourceTree = "<group>"; };
		BBECE14B233C5A5D00198BF7 /* WRColor.swift */ = {isa = PBXFileReference; lastKnownFileType = sourcecode.swift; path = WRColor.swift; sourceTree = "<group>"; };
		E7936435BA1B164FF013B79F /* Pods-WRSwiftUtilDemo.debug.xcconfig */ = {isa = PBXFileReference; includeInIndex = 1; lastKnownFileType = text.xcconfig; name = "Pods-WRSwiftUtilDemo.debug.xcconfig"; path = "Target Support Files/Pods-WRSwiftUtilDemo/Pods-WRSwiftUtilDemo.debug.xcconfig"; sourceTree = "<group>"; };
/* End PBXFileReference section */

/* Begin PBXFrameworksBuildPhase section */
		BB7B83EB23210093009EDCFB /* Frameworks */ = {
			isa = PBXFrameworksBuildPhase;
			buildActionMask = 2147483647;
			files = (
				DEE1C45F1AC6EFC71804333D /* Pods_WRSwiftUtilDemo.framework in Frameworks */,
			);
			runOnlyForDeploymentPostprocessing = 0;
		};
/* End PBXFrameworksBuildPhase section */

/* Begin PBXGroup section */
		12868CE6CF26D905CCE484D3 /* Frameworks */ = {
			isa = PBXGroup;
			children = (
				1CB887B8A709F1C1C1076313 /* Pods_WRSwiftUtilDemo.framework */,
			);
			name = Frameworks;
			sourceTree = "<group>";
		};
		BB7A8147237B9A68009A4C50 /* Notification */ = {
			isa = PBXGroup;
			children = (
				BB7A8148237B9A9F009A4C50 /* WRNotifyProtocol.swift */,
			);
			path = Notification;
			sourceTree = "<group>";
		};
		BB7B83E523210093009EDCFB = {
			isa = PBXGroup;
			children = (
				BB7B83F023210093009EDCFB /* WRSwiftUtilDemo */,
				BB7B83EF23210093009EDCFB /* Products */,
				F5D8752D227FA88D6E93951E /* Pods */,
				12868CE6CF26D905CCE484D3 /* Frameworks */,
			);
			sourceTree = "<group>";
		};
		BB7B83EF23210093009EDCFB /* Products */ = {
			isa = PBXGroup;
			children = (
				BB7B83EE23210093009EDCFB /* WRSwiftUtilDemo.app */,
			);
			name = Products;
			sourceTree = "<group>";
		};
		BB7B83F023210093009EDCFB /* WRSwiftUtilDemo */ = {
			isa = PBXGroup;
			children = (
				BB7B83F123210093009EDCFB /* AppDelegate.swift */,
				BB7B83F323210093009EDCFB /* ViewController.swift */,
				BB7B83F523210093009EDCFB /* Main.storyboard */,
				BB7B83F823210094009EDCFB /* Assets.xcassets */,
				BB7B83FA23210094009EDCFB /* LaunchScreen.storyboard */,
				BB7B83FD23210094009EDCFB /* Info.plist */,
				BB7B8403232100B0009EDCFB /* WRSwiftUtil */,
			);
			path = WRSwiftUtilDemo;
			sourceTree = "<group>";
		};
		BB7B8403232100B0009EDCFB /* WRSwiftUtil */ = {
			isa = PBXGroup;
			children = (
				BBC105BE23C1E53C005AE6AB /* View */,
				BB7A8147237B9A68009A4C50 /* Notification */,
				BBB34158234EE2B9005BF8B1 /* Common */,
				BBECE14A233C5A4500198BF7 /* Color */,
				BBBD1F14233488AC00A2B415 /* Indicator */,
				BBBD1F11233488AC00A2B415 /* Lib */,
				BBC0A31B23220576004BCB92 /* Controller */,
				BBC0A318232204D8004BCB92 /* Image */,
				BB7B8404232100D4009EDCFB /* Device */,
			);
			name = WRSwiftUtil;
			path = ../../WRSwiftUtil;
			sourceTree = "<group>";
		};
		BB7B8404232100D4009EDCFB /* Device */ = {
			isa = PBXGroup;
			children = (
				BB7B8405232100F5009EDCFB /* WRDevice.swift */,
				BBABFC87232F30F5000A1B3E /* WRPath.swift */,
				BBC105BA23C1E119005AE6AB /* WRFolder.swift */,
			);
			path = Device;
			sourceTree = "<group>";
		};
		BBB34158234EE2B9005BF8B1 /* Common */ = {
			isa = PBXGroup;
			children = (
				BBC105B223C1794D005AE6AB /* WRString.swift */,
				BBC105B523C180BD005AE6AB /* WRTimeInterval.swift */,
			);
			path = Common;
			sourceTree = "<group>";
		};
		BBBD1F032334757800A2B415 /* ViewController */ = {
			isa = PBXGroup;
			children = (
				BBDCB136233873E60057BF2E /* WRBaseViewController.swift */,
			);
			path = ViewController;
			sourceTree = "<group>";
		};
		BBBD1F11233488AC00A2B415 /* Lib */ = {
			isa = PBXGroup;
			children = (
			);
			path = Lib;
			sourceTree = "<group>";
		};
		BBBD1F14233488AC00A2B415 /* Indicator */ = {
			isa = PBXGroup;
			children = (
				BBBD1F182334B0B000A2B415 /* WRProgressHUDProtocol.swift */,
			);
			path = Indicator;
			sourceTree = "<group>";
		};
		BBC0A318232204D8004BCB92 /* Image */ = {
			isa = PBXGroup;
			children = (
				BBC0A31923220509004BCB92 /* WRImage.swift */,
			);
			path = Image;
			sourceTree = "<group>";
		};
		BBC0A31B23220576004BCB92 /* Controller */ = {
			isa = PBXGroup;
			children = (
				BBDCB13A2338A3800057BF2E /* Protocol */,
				BBBD1F032334757800A2B415 /* ViewController */,
				BBC0A31C2322058B004BCB92 /* NavigationController */,
			);
			path = Controller;
			sourceTree = "<group>";
		};
		BBC0A31C2322058B004BCB92 /* NavigationController */ = {
			isa = PBXGroup;
			children = (
				BBC0A31D232205C7004BCB92 /* WRNavigationController.swift */,
			);
			path = NavigationController;
			sourceTree = "<group>";
		};
		BBC105BE23C1E53C005AE6AB /* View */ = {
			isa = PBXGroup;
			children = (
				BBC105BF23C1E54F005AE6AB /* WRView.swift */,
				BB14C17123C70D9F00D68D10 /* WRControl.swift */,
			);
			path = View;
			sourceTree = "<group>";
		};
		BBDCB13A2338A3800057BF2E /* Protocol */ = {
			isa = PBXGroup;
			children = (
				BBDCB1382338A30D0057BF2E /* WRNavigationBarProtocol.swift */,
			);
			path = Protocol;
			sourceTree = "<group>";
		};
		BBECE14A233C5A4500198BF7 /* Color */ = {
			isa = PBXGroup;
			children = (
				BBECE14B233C5A5D00198BF7 /* WRColor.swift */,
			);
			path = Color;
			sourceTree = "<group>";
		};
		F5D8752D227FA88D6E93951E /* Pods */ = {
			isa = PBXGroup;
			children = (
				E7936435BA1B164FF013B79F /* Pods-WRSwiftUtilDemo.debug.xcconfig */,
				65280CE124DA0253182F1362 /* Pods-WRSwiftUtilDemo.release.xcconfig */,
			);
			path = Pods;
			sourceTree = "<group>";
		};
/* End PBXGroup section */

/* Begin PBXNativeTarget section */
		BB7B83ED23210093009EDCFB /* WRSwiftUtilDemo */ = {
			isa = PBXNativeTarget;
			buildConfigurationList = BB7B840023210094009EDCFB /* Build configuration list for PBXNativeTarget "WRSwiftUtilDemo" */;
			buildPhases = (
				7696F620215EAB262EEFD6BB /* [CP] Check Pods Manifest.lock */,
				BB7B83EA23210093009EDCFB /* Sources */,
				BB7B83EB23210093009EDCFB /* Frameworks */,
				BB7B83EC23210093009EDCFB /* Resources */,
				6A99558AF9166146C623E9F1 /* [CP] Embed Pods Frameworks */,
			);
			buildRules = (
			);
			dependencies = (
			);
			name = WRSwiftUtilDemo;
			productName = WRSwiftUtilDemo;
			productReference = BB7B83EE23210093009EDCFB /* WRSwiftUtilDemo.app */;
			productType = "com.apple.product-type.application";
		};
/* End PBXNativeTarget section */

/* Begin PBXProject section */
		BB7B83E623210093009EDCFB /* Project object */ = {
			isa = PBXProject;
			attributes = {
				LastSwiftUpdateCheck = 1030;
				LastUpgradeCheck = 1030;
				ORGANIZATIONNAME = xianghui;
				TargetAttributes = {
					BB7B83ED23210093009EDCFB = {
						CreatedOnToolsVersion = 10.3;
					};
				};
			};
			buildConfigurationList = BB7B83E923210093009EDCFB /* Build configuration list for PBXProject "WRSwiftUtilDemo" */;
			compatibilityVersion = "Xcode 9.3";
			developmentRegion = en;
			hasScannedForEncodings = 0;
			knownRegions = (
				en,
				Base,
			);
			mainGroup = BB7B83E523210093009EDCFB;
			productRefGroup = BB7B83EF23210093009EDCFB /* Products */;
			projectDirPath = "";
			projectRoot = "";
			targets = (
				BB7B83ED23210093009EDCFB /* WRSwiftUtilDemo */,
			);
		};
/* End PBXProject section */

/* Begin PBXResourcesBuildPhase section */
		BB7B83EC23210093009EDCFB /* Resources */ = {
			isa = PBXResourcesBuildPhase;
			buildActionMask = 2147483647;
			files = (
				BB7B83FC23210094009EDCFB /* LaunchScreen.storyboard in Resources */,
				BB7B83F923210094009EDCFB /* Assets.xcassets in Resources */,
				BB7B83F723210093009EDCFB /* Main.storyboard in Resources */,
			);
			runOnlyForDeploymentPostprocessing = 0;
		};
/* End PBXResourcesBuildPhase section */

/* Begin PBXShellScriptBuildPhase section */
		6A99558AF9166146C623E9F1 /* [CP] Embed Pods Frameworks */ = {
			isa = PBXShellScriptBuildPhase;
			buildActionMask = 2147483647;
			files = (
			);
			inputFileListPaths = (
				"${PODS_ROOT}/Target Support Files/Pods-WRSwiftUtilDemo/Pods-WRSwiftUtilDemo-frameworks-${CONFIGURATION}-input-files.xcfilelist",
			);
			name = "[CP] Embed Pods Frameworks";
			outputFileListPaths = (
				"${PODS_ROOT}/Target Support Files/Pods-WRSwiftUtilDemo/Pods-WRSwiftUtilDemo-frameworks-${CONFIGURATION}-output-files.xcfilelist",
			);
			runOnlyForDeploymentPostprocessing = 0;
			shellPath = /bin/sh;
			shellScript = "\"${PODS_ROOT}/Target Support Files/Pods-WRSwiftUtilDemo/Pods-WRSwiftUtilDemo-frameworks.sh\"\n";
			showEnvVarsInLog = 0;
		};
		7696F620215EAB262EEFD6BB /* [CP] Check Pods Manifest.lock */ = {
			isa = PBXShellScriptBuildPhase;
			buildActionMask = 2147483647;
			files = (
			);
			inputFileListPaths = (
			);
			inputPaths = (
				"${PODS_PODFILE_DIR_PATH}/Podfile.lock",
				"${PODS_ROOT}/Manifest.lock",
			);
			name = "[CP] Check Pods Manifest.lock";
			outputFileListPaths = (
			);
			outputPaths = (
				"$(DERIVED_FILE_DIR)/Pods-WRSwiftUtilDemo-checkManifestLockResult.txt",
			);
			runOnlyForDeploymentPostprocessing = 0;
			shellPath = /bin/sh;
			shellScript = "diff \"${PODS_PODFILE_DIR_PATH}/Podfile.lock\" \"${PODS_ROOT}/Manifest.lock\" > /dev/null\nif [ $? != 0 ] ; then\n    # print error to STDERR\n    echo \"error: The sandbox is not in sync with the Podfile.lock. Run 'pod install' or update your CocoaPods installation.\" >&2\n    exit 1\nfi\n# This output is used by Xcode 'outputs' to avoid re-running this script phase.\necho \"SUCCESS\" > \"${SCRIPT_OUTPUT_FILE_0}\"\n";
			showEnvVarsInLog = 0;
		};
/* End PBXShellScriptBuildPhase section */

/* Begin PBXSourcesBuildPhase section */
		BB7B83EA23210093009EDCFB /* Sources */ = {
			isa = PBXSourcesBuildPhase;
			buildActionMask = 2147483647;
			files = (
				BBECE14C233C5A5D00198BF7 /* WRColor.swift in Sources */,
				BBC0A31A23220509004BCB92 /* WRImage.swift in Sources */,
				BB14C17223C70D9F00D68D10 /* WRControl.swift in Sources */,
				BB7A8149237B9A9F009A4C50 /* WRNotifyProtocol.swift in Sources */,
				BBDCB1392338A30D0057BF2E /* WRNavigationBarProtocol.swift in Sources */,
				BBC105C023C1E54F005AE6AB /* WRView.swift in Sources */,
				BBC105BB23C1E119005AE6AB /* WRFolder.swift in Sources */,
				BB7B8406232100F5009EDCFB /* WRDevice.swift in Sources */,
				BBC0A31E232205C7004BCB92 /* WRNavigationController.swift in Sources */,
				BBABFC88232F30F5000A1B3E /* WRPath.swift in Sources */,
				BBC105B323C1794D005AE6AB /* WRString.swift in Sources */,
				BBBD1F192334B0B000A2B415 /* WRProgressHUDProtocol.swift in Sources */,
				BBC105B623C180BD005AE6AB /* WRTimeInterval.swift in Sources */,
				BB7B83F423210093009EDCFB /* ViewController.swift in Sources */,
				BBDCB137233873E60057BF2E /* WRBaseViewController.swift in Sources */,
				BB7B83F223210093009EDCFB /* AppDelegate.swift in Sources */,
			);
			runOnlyForDeploymentPostprocessing = 0;
		};
/* End PBXSourcesBuildPhase section */

/* Begin PBXVariantGroup section */
		BB7B83F523210093009EDCFB /* Main.storyboard */ = {
			isa = PBXVariantGroup;
			children = (
				BB7B83F623210093009EDCFB /* Base */,
			);
			name = Main.storyboard;
			sourceTree = "<group>";
		};
		BB7B83FA23210094009EDCFB /* LaunchScreen.storyboard */ = {
			isa = PBXVariantGroup;
			children = (
				BB7B83FB23210094009EDCFB /* Base */,
			);
			name = LaunchScreen.storyboard;
			sourceTree = "<group>";
		};
/* End PBXVariantGroup section */

/* Begin XCBuildConfiguration section */
		BB7B83FE23210094009EDCFB /* Debug */ = {
			isa = XCBuildConfiguration;
			buildSettings = {
				ALWAYS_SEARCH_USER_PATHS = NO;
				CLANG_ANALYZER_NONNULL = YES;
				CLANG_ANALYZER_NUMBER_OBJECT_CONVERSION = YES_AGGRESSIVE;
				CLANG_CXX_LANGUAGE_STANDARD = "gnu++14";
				CLANG_CXX_LIBRARY = "libc++";
				CLANG_ENABLE_MODULES = YES;
				CLANG_ENABLE_OBJC_ARC = YES;
				CLANG_ENABLE_OBJC_WEAK = YES;
				CLANG_WARN_BLOCK_CAPTURE_AUTORELEASING = YES;
				CLANG_WARN_BOOL_CONVERSION = YES;
				CLANG_WARN_COMMA = YES;
				CLANG_WARN_CONSTANT_CONVERSION = YES;
				CLANG_WARN_DEPRECATED_OBJC_IMPLEMENTATIONS = YES;
				CLANG_WARN_DIRECT_OBJC_ISA_USAGE = YES_ERROR;
				CLANG_WARN_DOCUMENTATION_COMMENTS = YES;
				CLANG_WARN_EMPTY_BODY = YES;
				CLANG_WARN_ENUM_CONVERSION = YES;
				CLANG_WARN_INFINITE_RECURSION = YES;
				CLANG_WARN_INT_CONVERSION = YES;
				CLANG_WARN_NON_LITERAL_NULL_CONVERSION = YES;
				CLANG_WARN_OBJC_IMPLICIT_RETAIN_SELF = YES;
				CLANG_WARN_OBJC_LITERAL_CONVERSION = YES;
				CLANG_WARN_OBJC_ROOT_CLASS = YES_ERROR;
				CLANG_WARN_RANGE_LOOP_ANALYSIS = YES;
				CLANG_WARN_STRICT_PROTOTYPES = YES;
				CLANG_WARN_SUSPICIOUS_MOVE = YES;
				CLANG_WARN_UNGUARDED_AVAILABILITY = YES_AGGRESSIVE;
				CLANG_WARN_UNREACHABLE_CODE = YES;
				CLANG_WARN__DUPLICATE_METHOD_MATCH = YES;
				CODE_SIGN_IDENTITY = "iPhone Developer";
				COPY_PHASE_STRIP = NO;
				DEBUG_INFORMATION_FORMAT = dwarf;
				ENABLE_STRICT_OBJC_MSGSEND = YES;
				ENABLE_TESTABILITY = YES;
				GCC_C_LANGUAGE_STANDARD = gnu11;
				GCC_DYNAMIC_NO_PIC = NO;
				GCC_NO_COMMON_BLOCKS = YES;
				GCC_OPTIMIZATION_LEVEL = 0;
				GCC_PREPROCESSOR_DEFINITIONS = (
					"DEBUG=1",
					"$(inherited)",
				);
				GCC_WARN_64_TO_32_BIT_CONVERSION = YES;
				GCC_WARN_ABOUT_RETURN_TYPE = YES_ERROR;
				GCC_WARN_UNDECLARED_SELECTOR = YES;
				GCC_WARN_UNINITIALIZED_AUTOS = YES_AGGRESSIVE;
				GCC_WARN_UNUSED_FUNCTION = YES;
				GCC_WARN_UNUSED_VARIABLE = YES;
				IPHONEOS_DEPLOYMENT_TARGET = 12.4;
				MTL_ENABLE_DEBUG_INFO = INCLUDE_SOURCE;
				MTL_FAST_MATH = YES;
				ONLY_ACTIVE_ARCH = YES;
				SDKROOT = iphoneos;
				SWIFT_ACTIVE_COMPILATION_CONDITIONS = DEBUG;
				SWIFT_OPTIMIZATION_LEVEL = "-Onone";
			};
			name = Debug;
		};
		BB7B83FF23210094009EDCFB /* Release */ = {
			isa = XCBuildConfiguration;
			buildSettings = {
				ALWAYS_SEARCH_USER_PATHS = NO;
				CLANG_ANALYZER_NONNULL = YES;
				CLANG_ANALYZER_NUMBER_OBJECT_CONVERSION = YES_AGGRESSIVE;
				CLANG_CXX_LANGUAGE_STANDARD = "gnu++14";
				CLANG_CXX_LIBRARY = "libc++";
				CLANG_ENABLE_MODULES = YES;
				CLANG_ENABLE_OBJC_ARC = YES;
				CLANG_ENABLE_OBJC_WEAK = YES;
				CLANG_WARN_BLOCK_CAPTURE_AUTORELEASING = YES;
				CLANG_WARN_BOOL_CONVERSION = YES;
				CLANG_WARN_COMMA = YES;
				CLANG_WARN_CONSTANT_CONVERSION = YES;
				CLANG_WARN_DEPRECATED_OBJC_IMPLEMENTATIONS = YES;
				CLANG_WARN_DIRECT_OBJC_ISA_USAGE = YES_ERROR;
				CLANG_WARN_DOCUMENTATION_COMMENTS = YES;
				CLANG_WARN_EMPTY_BODY = YES;
				CLANG_WARN_ENUM_CONVERSION = YES;
				CLANG_WARN_INFINITE_RECURSION = YES;
				CLANG_WARN_INT_CONVERSION = YES;
				CLANG_WARN_NON_LITERAL_NULL_CONVERSION = YES;
				CLANG_WARN_OBJC_IMPLICIT_RETAIN_SELF = YES;
				CLANG_WARN_OBJC_LITERAL_CONVERSION = YES;
				CLANG_WARN_OBJC_ROOT_CLASS = YES_ERROR;
				CLANG_WARN_RANGE_LOOP_ANALYSIS = YES;
				CLANG_WARN_STRICT_PROTOTYPES = YES;
				CLANG_WARN_SUSPICIOUS_MOVE = YES;
				CLANG_WARN_UNGUARDED_AVAILABILITY = YES_AGGRESSIVE;
				CLANG_WARN_UNREACHABLE_CODE = YES;
				CLANG_WARN__DUPLICATE_METHOD_MATCH = YES;
				CODE_SIGN_IDENTITY = "iPhone Developer";
				COPY_PHASE_STRIP = NO;
				DEBUG_INFORMATION_FORMAT = "dwarf-with-dsym";
				ENABLE_NS_ASSERTIONS = NO;
				ENABLE_STRICT_OBJC_MSGSEND = YES;
				GCC_C_LANGUAGE_STANDARD = gnu11;
				GCC_NO_COMMON_BLOCKS = YES;
				GCC_WARN_64_TO_32_BIT_CONVERSION = YES;
				GCC_WARN_ABOUT_RETURN_TYPE = YES_ERROR;
				GCC_WARN_UNDECLARED_SELECTOR = YES;
				GCC_WARN_UNINITIALIZED_AUTOS = YES_AGGRESSIVE;
				GCC_WARN_UNUSED_FUNCTION = YES;
				GCC_WARN_UNUSED_VARIABLE = YES;
				IPHONEOS_DEPLOYMENT_TARGET = 12.4;
				MTL_ENABLE_DEBUG_INFO = NO;
				MTL_FAST_MATH = YES;
				SDKROOT = iphoneos;
				SWIFT_COMPILATION_MODE = wholemodule;
				SWIFT_OPTIMIZATION_LEVEL = "-O";
				VALIDATE_PRODUCT = YES;
			};
			name = Release;
		};
		BB7B840123210094009EDCFB /* Debug */ = {
			isa = XCBuildConfiguration;
			baseConfigurationReference = E7936435BA1B164FF013B79F /* Pods-WRSwiftUtilDemo.debug.xcconfig */;
			buildSettings = {
				ASSETCATALOG_COMPILER_APPICON_NAME = AppIcon;
				CODE_SIGN_STYLE = Automatic;
				DEVELOPMENT_TEAM = 6D9M2CY5KM;
				INFOPLIST_FILE = WRSwiftUtilDemo/Info.plist;
				IPHONEOS_DEPLOYMENT_TARGET = 9.0;
				LD_RUNPATH_SEARCH_PATHS = (
					"$(inherited)",
					"@executable_path/Frameworks",
				);
				PRODUCT_BUNDLE_IDENTIFIER = com.xianghui.WRSwiftUtilDemo;
				PRODUCT_NAME = "$(TARGET_NAME)";
				SWIFT_VERSION = 5.0;
				TARGETED_DEVICE_FAMILY = "1,2";
			};
			name = Debug;
		};
		BB7B840223210094009EDCFB /* Release */ = {
			isa = XCBuildConfiguration;
			baseConfigurationReference = 65280CE124DA0253182F1362 /* Pods-WRSwiftUtilDemo.release.xcconfig */;
			buildSettings = {
				ASSETCATALOG_COMPILER_APPICON_NAME = AppIcon;
				CODE_SIGN_STYLE = Automatic;
				DEVELOPMENT_TEAM = 6D9M2CY5KM;
				INFOPLIST_FILE = WRSwiftUtilDemo/Info.plist;
				IPHONEOS_DEPLOYMENT_TARGET = 9.0;
				LD_RUNPATH_SEARCH_PATHS = (
					"$(inherited)",
					"@executable_path/Frameworks",
				);
				PRODUCT_BUNDLE_IDENTIFIER = com.xianghui.WRSwiftUtilDemo;
				PRODUCT_NAME = "$(TARGET_NAME)";
				SWIFT_VERSION = 5.0;
				TARGETED_DEVICE_FAMILY = "1,2";
			};
			name = Release;
		};
/* End XCBuildConfiguration section */

/* Begin XCConfigurationList section */
		BB7B83E923210093009EDCFB /* Build configuration list for PBXProject "WRSwiftUtilDemo" */ = {
			isa = XCConfigurationList;
			buildConfigurations = (
				BB7B83FE23210094009EDCFB /* Debug */,
				BB7B83FF23210094009EDCFB /* Release */,
			);
			defaultConfigurationIsVisible = 0;
			defaultConfigurationName = Release;
		};
		BB7B840023210094009EDCFB /* Build configuration list for PBXNativeTarget "WRSwiftUtilDemo" */ = {
			isa = XCConfigurationList;
			buildConfigurations = (
				BB7B840123210094009EDCFB /* Debug */,
				BB7B840223210094009EDCFB /* Release */,
			);
			defaultConfigurationIsVisible = 0;
			defaultConfigurationName = Release;
		};
/* End XCConfigurationList section */
	};
	rootObject = BB7B83E623210093009EDCFB /* Project object */;
}
